
Microsoft Visual Studio Solution File, Format Version 12.00
# Visual Studio Version 16
VisualStudioVersion = 25.0.1706.4
MinimumVisualStudioVersion = 10.0.40219.1
Project("{FAE04EC0-301F-11D3-BF4B-00C04F79EFBC}") = "Main", "Main\Main.csproj", "{A40A3768-51D7-454F-B5C2-E47688618C5F}"
EndProject
Project("{FAE04EC0-301F-11D3-BF4B-00C04F79EFBC}") = "Class_Library", "Class_Library\Class_Library.csproj", "{628774E3-CA93-4118-B5A6-CC220C24E451}"
EndProject
Global
	GlobalSection(SolutionConfigurationPlatforms) = preSolution
		Debug|Any CPU = Debug|Any CPU
		Release|Any CPU = Release|Any CPU
	EndGlobalSection
	GlobalSection(ProjectConfigurationPlatforms) = postSolution
		{A40A3768-51D7-454F-B5C2-E47688618C5F}.Debug|Any CPU.ActiveCfg = Debug|Any CPU
		{A40A3768-51D7-454F-B5C2-E47688618C5F}.Debug|Any CPU.Build.0 = Debug|Any CPU
		{A40A3768-51D7-454F-B5C2-E47688618C5F}.Release|Any CPU.ActiveCfg = Release|Any CPU
		{A40A3768-51D7-454F-B5C2-E47688618C5F}.Release|Any CPU.Build.0 = Release|Any CPU
		{628774E3-CA93-4118-B5A6-CC220C24E451}.Debug|Any CPU.ActiveCfg = Debug|Any CPU
		{628774E3-CA93-4118-B5A6-CC220C24E451}.Debug|Any CPU.Build.0 = Debug|Any CPU
		{628774E3-CA93-4118-B5A6-CC220C24E451}.Release|Any CPU.ActiveCfg = Release|Any CPU
		{628774E3-CA93-4118-B5A6-CC220C24E451}.Release|Any CPU.Build.0 = Release|Any CPU
	EndGlobalSection
	GlobalSection(SolutionProperties) = preSolution
		HideSolutionNode = FALSE
	EndGlobalSection
	GlobalSection(ExtensibilityGlobals) = postSolution
		SolutionGuid = {D0EB7ACA-044C-4962-A002-89E9862283A6}
	EndGlobalSection
EndGlobal
